{
  "name": "webapp-papa-remakehtml",
  "version": "1.0.0",
  "lockfileVersion": 1,
  "requires": true,
  "dependencies": {
    "highlight.js": {
      "version": "9.15.10",
      "resolved": "https://registry.npmjs.org/highlight.js/-/highlight.js-9.15.10.tgz",
      "integrity": "sha512-RoV7OkQm0T3os3Dd2VHLNMoaoDVx77Wygln3n9l5YV172XonWG6rgQD3XnF/BuFFZw9A0TJgmMSO8FEWQgvcXw=="
    },
    "v-cascade": {
      "version": "0.0.8",
      "resolved": "https://registry.npmjs.org/v-cascade/-/v-cascade-0.0.8.tgz",
      "integrity": "sha512-7HlCDcB2Ze6Ur0v17WbewuWi3tcbFJSsThejF+0IwRWVNPLM4OjMhLlV32L0p482jA5WlGD4gsF3RNtInKpaPg==",
      "requires": {
        "vue": "^2.5.2",
        "vue-highlightjs": "^1.3.3"
      }
    },
    "vue": {
      "version": "2.6.10",
      "resolved": "https://registry.npmjs.org/vue/-/vue-2.6.10.tgz",
      "integrity": "sha512-ImThpeNU9HbdZL3utgMCq0oiMzAkt1mcgy3/E6zWC/G6AaQoeuFdsl9nDhTDU3X1R6FK7nsIUuRACVcjI+A2GQ=="
    },
    "vue-highlightjs": {
      "version": "1.3.3",
      "resolved": "https://registry.npmjs.org/vue-highlightjs/-/vue-highlightjs-1.3.3.tgz",
      "integrity": "sha1-KaDVcTL8HOFc+mHolpGPW3GMXVI=",
      "requires": {
        "highlight.js": "*"
      }
    }
  }
}
